
Microsoft Visual Studio Solution File, Format Version 12.00
# Visual Studio Version 17
VisualStudioVersion = 17.1.32421.90
MinimumVisualStudioVersion = 10.0.40219.1
Project("{FAE04EC0-301F-11D3-BF4B-00C04F79EFBC}") = "sh1", "sh1\sh1.csproj", "{E7929E3E-32B5-4A44-A1D3-56A71F1C9824}"
EndProject
Project("{FAE04EC0-301F-11D3-BF4B-00C04F79EFBC}") = "sh2", "sh2\sh2\sh2.csproj", "{D16F8E1F-E10F-4B98-B6D3-1CB6627E3B6A}"
EndProject
Project("{FAE04EC0-301F-11D3-BF4B-00C04F79EFBC}") = "sh3", "sh3\sh3\sh3.csproj", "{EE2063F1-07AC-465D-851E-81BA2624F53F}"
EndProject
Project("{FAE04EC0-301F-11D3-BF4B-00C04F79EFBC}") = "sh5", "sh5\sh5\sh5.csproj", "{256CDDA3-EAE9-4D88-A909-31E191A3A876}"
EndProject
Project("{FAE04EC0-301F-11D3-BF4B-00C04F79EFBC}") = "sh4", "sh4\sh4.csproj", "{FDE8BAEF-AE23-4B01-A92F-C66B3455F398}"
EndProject
Global
	GlobalSection(SolutionConfigurationPlatforms) = preSolution
		Debug|Any CPU = Debug|Any CPU
		Release|Any CPU = Release|Any CPU
	EndGlobalSection
	GlobalSection(ProjectConfigurationPlatforms) = postSolution
		{E7929E3E-32B5-4A44-A1D3-56A71F1C9824}.Debug|Any CPU.ActiveCfg = Debug|Any CPU
		{E7929E3E-32B5-4A44-A1D3-56A71F1C9824}.Debug|Any CPU.Build.0 = Debug|Any CPU
		{E7929E3E-32B5-4A44-A1D3-56A71F1C9824}.Release|Any CPU.ActiveCfg = Release|Any CPU
		{E7929E3E-32B5-4A44-A1D3-56A71F1C9824}.Release|Any CPU.Build.0 = Release|Any CPU
		{D16F8E1F-E10F-4B98-B6D3-1CB6627E3B6A}.Debug|Any CPU.ActiveCfg = Debug|Any CPU
		{D16F8E1F-E10F-4B98-B6D3-1CB6627E3B6A}.Debug|Any CPU.Build.0 = Debug|Any CPU
		{D16F8E1F-E10F-4B98-B6D3-1CB6627E3B6A}.Release|Any CPU.ActiveCfg = Release|Any CPU
		{D16F8E1F-E10F-4B98-B6D3-1CB6627E3B6A}.Release|Any CPU.Build.0 = Release|Any CPU
		{EE2063F1-07AC-465D-851E-81BA2624F53F}.Debug|Any CPU.ActiveCfg = Debug|Any CPU
		{EE2063F1-07AC-465D-851E-81BA2624F53F}.Debug|Any CPU.Build.0 = Debug|Any CPU
		{EE2063F1-07AC-465D-851E-81BA2624F53F}.Release|Any CPU.ActiveCfg = Release|Any CPU
		{EE2063F1-07AC-465D-851E-81BA2624F53F}.Release|Any CPU.Build.0 = Release|Any CPU
		{256CDDA3-EAE9-4D88-A909-31E191A3A876}.Debug|Any CPU.ActiveCfg = Debug|Any CPU
		{256CDDA3-EAE9-4D88-A909-31E191A3A876}.Debug|Any CPU.Build.0 = Debug|Any CPU
		{256CDDA3-EAE9-4D88-A909-31E191A3A876}.Release|Any CPU.ActiveCfg = Release|Any CPU
		{256CDDA3-EAE9-4D88-A909-31E191A3A876}.Release|Any CPU.Build.0 = Release|Any CPU
		{FDE8BAEF-AE23-4B01-A92F-C66B3455F398}.Debug|Any CPU.ActiveCfg = Debug|Any CPU
		{FDE8BAEF-AE23-4B01-A92F-C66B3455F398}.Debug|Any CPU.Build.0 = Debug|Any CPU
		{FDE8BAEF-AE23-4B01-A92F-C66B3455F398}.Release|Any CPU.ActiveCfg = Release|Any CPU
		{FDE8BAEF-AE23-4B01-A92F-C66B3455F398}.Release|Any CPU.Build.0 = Release|Any CPU
	EndGlobalSection
	GlobalSection(SolutionProperties) = preSolution
		HideSolutionNode = FALSE
	EndGlobalSection
	GlobalSection(ExtensibilityGlobals) = postSolution
		SolutionGuid = {CFADF04E-47DA-4214-88EA-903495D55E9B}
	EndGlobalSection
EndGlobal
