
Microsoft Visual Studio Solution File, Format Version 12.00
# Visual Studio Version 17
VisualStudioVersion = 17.1.32421.90
MinimumVisualStudioVersion = 10.0.40219.1
Project("{2150E333-8FDC-42A3-9474-1A3956D46DE8}") = "sh1", "sh1", "{D3E7E37F-D5E4-4667-A982-0651F7206072}"
EndProject
Project("{FAE04EC0-301F-11D3-BF4B-00C04F79EFBC}") = "sh1Forms", "forms\sh1Forms.csproj", "{84911065-2F0D-4EC7-B565-0CA1FFFABFF0}"
EndProject
Project("{FAE04EC0-301F-11D3-BF4B-00C04F79EFBC}") = "equipments", "equipments\equipments.csproj", "{A9FF57BD-5AEA-4CE1-B6F6-C3E600AC720E}"
EndProject
Project("{2150E333-8FDC-42A3-9474-1A3956D46DE8}") = "sh2", "sh2", "{DAB22582-F3E5-48A0-9CC7-5EDF070BA02D}"
EndProject
Project("{2150E333-8FDC-42A3-9474-1A3956D46DE8}") = "sh3", "sh3", "{F9E8F37D-5877-42A0-96DB-07FAC6AA4DC9}"
EndProject
Project("{2150E333-8FDC-42A3-9474-1A3956D46DE8}") = "sh4", "sh4", "{C454192D-F293-439C-A160-1AA929A87EF7}"
EndProject
Project("{2150E333-8FDC-42A3-9474-1A3956D46DE8}") = "sh5", "sh5", "{64D23C2F-FAD9-4D50-8B1C-2045E3B2ADE4}"
EndProject
Project("{FAE04EC0-301F-11D3-BF4B-00C04F79EFBC}") = "army", "army\army.csproj", "{AB08C68E-DEB7-4197-AE67-9CEC7DADF392}"
EndProject
Project("{FAE04EC0-301F-11D3-BF4B-00C04F79EFBC}") = "sh2Forms", "formsSh2\sh2Forms.csproj", "{F1ABE8A1-5E09-4A1B-B883-6E159374FBCC}"
EndProject
Project("{FAE04EC0-301F-11D3-BF4B-00C04F79EFBC}") = "transport", "transport\transport.csproj", "{A86DEF32-544F-4A28-8AAD-C50BD1891470}"
EndProject
Project("{FAE04EC0-301F-11D3-BF4B-00C04F79EFBC}") = "sh3Forms", "sh3Forms\sh3Forms.csproj", "{9CA5D340-0789-49ED-B490-24E99C0C22ED}"
EndProject
Project("{FAE04EC0-301F-11D3-BF4B-00C04F79EFBC}") = "transport2", "transport+\transport2.csproj", "{610B6C86-D055-4DE7-B5D2-D304BDD8C350}"
EndProject
Project("{FAE04EC0-301F-11D3-BF4B-00C04F79EFBC}") = "sh4Forms", "sh4Forms\sh4Forms.csproj", "{71ED59D5-3B67-47E0-96BD-3BAD2981DFCA}"
EndProject
Project("{FAE04EC0-301F-11D3-BF4B-00C04F79EFBC}") = "Models", "Models\Models.csproj", "{6A705CA0-B3D8-41A0-8FD0-4184A91E6299}"
EndProject
Project("{FAE04EC0-301F-11D3-BF4B-00C04F79EFBC}") = "sh5Forms", "sh5Forms\sh5Forms.csproj", "{2F62F277-DC27-47A6-8F85-1EF626E4F1BA}"
EndProject
Global
	GlobalSection(SolutionConfigurationPlatforms) = preSolution
		Debug|Any CPU = Debug|Any CPU
		Release|Any CPU = Release|Any CPU
	EndGlobalSection
	GlobalSection(ProjectConfigurationPlatforms) = postSolution
		{84911065-2F0D-4EC7-B565-0CA1FFFABFF0}.Debug|Any CPU.ActiveCfg = Debug|Any CPU
		{84911065-2F0D-4EC7-B565-0CA1FFFABFF0}.Debug|Any CPU.Build.0 = Debug|Any CPU
		{84911065-2F0D-4EC7-B565-0CA1FFFABFF0}.Release|Any CPU.ActiveCfg = Release|Any CPU
		{84911065-2F0D-4EC7-B565-0CA1FFFABFF0}.Release|Any CPU.Build.0 = Release|Any CPU
		{A9FF57BD-5AEA-4CE1-B6F6-C3E600AC720E}.Debug|Any CPU.ActiveCfg = Debug|Any CPU
		{A9FF57BD-5AEA-4CE1-B6F6-C3E600AC720E}.Debug|Any CPU.Build.0 = Debug|Any CPU
		{A9FF57BD-5AEA-4CE1-B6F6-C3E600AC720E}.Release|Any CPU.ActiveCfg = Release|Any CPU
		{A9FF57BD-5AEA-4CE1-B6F6-C3E600AC720E}.Release|Any CPU.Build.0 = Release|Any CPU
		{AB08C68E-DEB7-4197-AE67-9CEC7DADF392}.Debug|Any CPU.ActiveCfg = Debug|Any CPU
		{AB08C68E-DEB7-4197-AE67-9CEC7DADF392}.Debug|Any CPU.Build.0 = Debug|Any CPU
		{AB08C68E-DEB7-4197-AE67-9CEC7DADF392}.Release|Any CPU.ActiveCfg = Release|Any CPU
		{AB08C68E-DEB7-4197-AE67-9CEC7DADF392}.Release|Any CPU.Build.0 = Release|Any CPU
		{F1ABE8A1-5E09-4A1B-B883-6E159374FBCC}.Debug|Any CPU.ActiveCfg = Debug|Any CPU
		{F1ABE8A1-5E09-4A1B-B883-6E159374FBCC}.Debug|Any CPU.Build.0 = Debug|Any CPU
		{F1ABE8A1-5E09-4A1B-B883-6E159374FBCC}.Release|Any CPU.ActiveCfg = Release|Any CPU
		{F1ABE8A1-5E09-4A1B-B883-6E159374FBCC}.Release|Any CPU.Build.0 = Release|Any CPU
		{A86DEF32-544F-4A28-8AAD-C50BD1891470}.Debug|Any CPU.ActiveCfg = Debug|Any CPU
		{A86DEF32-544F-4A28-8AAD-C50BD1891470}.Debug|Any CPU.Build.0 = Debug|Any CPU
		{A86DEF32-544F-4A28-8AAD-C50BD1891470}.Release|Any CPU.ActiveCfg = Release|Any CPU
		{A86DEF32-544F-4A28-8AAD-C50BD1891470}.Release|Any CPU.Build.0 = Release|Any CPU
		{9CA5D340-0789-49ED-B490-24E99C0C22ED}.Debug|Any CPU.ActiveCfg = Debug|Any CPU
		{9CA5D340-0789-49ED-B490-24E99C0C22ED}.Debug|Any CPU.Build.0 = Debug|Any CPU
		{9CA5D340-0789-49ED-B490-24E99C0C22ED}.Release|Any CPU.ActiveCfg = Release|Any CPU
		{9CA5D340-0789-49ED-B490-24E99C0C22ED}.Release|Any CPU.Build.0 = Release|Any CPU
		{610B6C86-D055-4DE7-B5D2-D304BDD8C350}.Debug|Any CPU.ActiveCfg = Debug|Any CPU
		{610B6C86-D055-4DE7-B5D2-D304BDD8C350}.Debug|Any CPU.Build.0 = Debug|Any CPU
		{610B6C86-D055-4DE7-B5D2-D304BDD8C350}.Release|Any CPU.ActiveCfg = Release|Any CPU
		{610B6C86-D055-4DE7-B5D2-D304BDD8C350}.Release|Any CPU.Build.0 = Release|Any CPU
		{71ED59D5-3B67-47E0-96BD-3BAD2981DFCA}.Debug|Any CPU.ActiveCfg = Debug|Any CPU
		{71ED59D5-3B67-47E0-96BD-3BAD2981DFCA}.Debug|Any CPU.Build.0 = Debug|Any CPU
		{71ED59D5-3B67-47E0-96BD-3BAD2981DFCA}.Release|Any CPU.ActiveCfg = Release|Any CPU
		{71ED59D5-3B67-47E0-96BD-3BAD2981DFCA}.Release|Any CPU.Build.0 = Release|Any CPU
		{6A705CA0-B3D8-41A0-8FD0-4184A91E6299}.Debug|Any CPU.ActiveCfg = Debug|Any CPU
		{6A705CA0-B3D8-41A0-8FD0-4184A91E6299}.Debug|Any CPU.Build.0 = Debug|Any CPU
		{6A705CA0-B3D8-41A0-8FD0-4184A91E6299}.Release|Any CPU.ActiveCfg = Release|Any CPU
		{6A705CA0-B3D8-41A0-8FD0-4184A91E6299}.Release|Any CPU.Build.0 = Release|Any CPU
		{2F62F277-DC27-47A6-8F85-1EF626E4F1BA}.Debug|Any CPU.ActiveCfg = Debug|Any CPU
		{2F62F277-DC27-47A6-8F85-1EF626E4F1BA}.Debug|Any CPU.Build.0 = Debug|Any CPU
		{2F62F277-DC27-47A6-8F85-1EF626E4F1BA}.Release|Any CPU.ActiveCfg = Release|Any CPU
		{2F62F277-DC27-47A6-8F85-1EF626E4F1BA}.Release|Any CPU.Build.0 = Release|Any CPU
	EndGlobalSection
	GlobalSection(SolutionProperties) = preSolution
		HideSolutionNode = FALSE
	EndGlobalSection
	GlobalSection(NestedProjects) = preSolution
		{84911065-2F0D-4EC7-B565-0CA1FFFABFF0} = {D3E7E37F-D5E4-4667-A982-0651F7206072}
		{A9FF57BD-5AEA-4CE1-B6F6-C3E600AC720E} = {D3E7E37F-D5E4-4667-A982-0651F7206072}
		{AB08C68E-DEB7-4197-AE67-9CEC7DADF392} = {DAB22582-F3E5-48A0-9CC7-5EDF070BA02D}
		{F1ABE8A1-5E09-4A1B-B883-6E159374FBCC} = {DAB22582-F3E5-48A0-9CC7-5EDF070BA02D}
		{A86DEF32-544F-4A28-8AAD-C50BD1891470} = {F9E8F37D-5877-42A0-96DB-07FAC6AA4DC9}
		{9CA5D340-0789-49ED-B490-24E99C0C22ED} = {F9E8F37D-5877-42A0-96DB-07FAC6AA4DC9}
		{610B6C86-D055-4DE7-B5D2-D304BDD8C350} = {C454192D-F293-439C-A160-1AA929A87EF7}
		{71ED59D5-3B67-47E0-96BD-3BAD2981DFCA} = {C454192D-F293-439C-A160-1AA929A87EF7}
		{6A705CA0-B3D8-41A0-8FD0-4184A91E6299} = {64D23C2F-FAD9-4D50-8B1C-2045E3B2ADE4}
		{2F62F277-DC27-47A6-8F85-1EF626E4F1BA} = {64D23C2F-FAD9-4D50-8B1C-2045E3B2ADE4}
	EndGlobalSection
	GlobalSection(ExtensibilityGlobals) = postSolution
		SolutionGuid = {CFADF04E-47DA-4214-88EA-903495D55E9B}
	EndGlobalSection
EndGlobal
